// !$*UTF8*$!
{
	archiveVersion = 1;
	classes = {
	};
	objectVersion = 46;
	objects = {

/* Begin PBXBuildFile section */
		321200441C83FE6F00FB171E /* NSDate+IndexPath.m in Sources */ = {isa = PBXBuildFile; fileRef = 321200431C83FE6F00FB171E /* NSDate+IndexPath.m */; };
		3222AC711C999726008CC724 /* ZBJCalendarShowCell.m in Sources */ = {isa = PBXBuildFile; fileRef = 3222AC641C999726008CC724 /* ZBJCalendarShowCell.m */; };
		3222AC741C999726008CC724 /* ZBJCalendarShowView.m in Sources */ = {isa = PBXBuildFile; fileRef = 3222AC6A1C999726008CC724 /* ZBJCalendarShowView.m */; };
		323F79221C7D8B4100479C2D /* ZBJCalendarView.m in Sources */ = {isa = PBXBuildFile; fileRef = 323F79211C7D8B4100479C2D /* ZBJCalendarView.m */; };
		323F79621C80183500479C2D /* NSDate+ZBJAddition.m in Sources */ = {isa = PBXBuildFile; fileRef = 323F79611C80183500479C2D /* NSDate+ZBJAddition.m */; };
		32F7EBEB1C16779F00ED2DA4 /* main.m in Sources */ = {isa = PBXBuildFile; fileRef = 32F7EBEA1C16779F00ED2DA4 /* main.m */; };
		32F7EBEE1C16779F00ED2DA4 /* AppDelegate.m in Sources */ = {isa = PBXBuildFile; fileRef = 32F7EBED1C16779F00ED2DA4 /* AppDelegate.m */; };
		32F7EBF11C16779F00ED2DA4 /* ViewController.m in Sources */ = {isa = PBXBuildFile; fileRef = 32F7EBF01C16779F00ED2DA4 /* ViewController.m */; };
		32F7EBF41C16779F00ED2DA4 /* Main.storyboard in Resources */ = {isa = PBXBuildFile; fileRef = 32F7EBF21C16779F00ED2DA4 /* Main.storyboard */; };
		32F7EBF61C16779F00ED2DA4 /* Assets.xcassets in Resources */ = {isa = PBXBuildFile; fileRef = 32F7EBF51C16779F00ED2DA4 /* Assets.xcassets */; };
		32F7EBF91C16779F00ED2DA4 /* LaunchScreen.storyboard in Resources */ = {isa = PBXBuildFile; fileRef = 32F7EBF71C16779F00ED2DA4 /* LaunchScreen.storyboard */; };
		32F7EC041C16779F00ED2DA4 /* ZBJCalendarTests.m in Sources */ = {isa = PBXBuildFile; fileRef = 32F7EC031C16779F00ED2DA4 /* ZBJCalendarTests.m */; };
		32F7EC0F1C16779F00ED2DA4 /* ZBJCalendarUITests.m in Sources */ = {isa = PBXBuildFile; fileRef = 32F7EC0E1C16779F00ED2DA4 /* ZBJCalendarUITests.m */; };
		331E88231CF5CC6C005B2CD7 /* ZBJCalendarSectionFooter.m in Sources */ = {isa = PBXBuildFile; fileRef = 331E88201CF5CC6C005B2CD7 /* ZBJCalendarSectionFooter.m */; };
		331E88241CF5CC6C005B2CD7 /* ZBJCalendarSectionHeader.m in Sources */ = {isa = PBXBuildFile; fileRef = 331E88221CF5CC6C005B2CD7 /* ZBJCalendarSectionHeader.m */; };
		331E882A1CF5E69C005B2CD7 /* calendar_dates.json in Resources */ = {isa = PBXBuildFile; fileRef = 331E88271CF5E69C005B2CD7 /* calendar_dates.json */; };
		331E882B1CF5E69C005B2CD7 /* ZBJCalendarDates.m in Sources */ = {isa = PBXBuildFile; fileRef = 331E88291CF5E69C005B2CD7 /* ZBJCalendarDates.m */; };
		3323E8F91CF6CC3A00ACDD57 /* ZBJSingleSelectionController.m in Sources */ = {isa = PBXBuildFile; fileRef = 3323E8F81CF6CC3A00ACDD57 /* ZBJSingleSelectionController.m */; };
		3323E8FC1CF6CC6700ACDD57 /* ZBJSingleSelectionCell.m in Sources */ = {isa = PBXBuildFile; fileRef = 3323E8FB1CF6CC6700ACDD57 /* ZBJSingleSelectionCell.m */; };
		3323E8FF1CF701A400ACDD57 /* ZBJSingleSelectionHeaderView.m in Sources */ = {isa = PBXBuildFile; fileRef = 3323E8FE1CF701A400ACDD57 /* ZBJSingleSelectionHeaderView.m */; };
		3323E9021CF72AEF00ACDD57 /* UINavigationBar+ZBJAddition.m in Sources */ = {isa = PBXBuildFile; fileRef = 3323E9011CF72AEF00ACDD57 /* UINavigationBar+ZBJAddition.m */; };
		3323E9121CF7646C00ACDD57 /* ZBJComplexRangeSelectionCell.m in Sources */ = {isa = PBXBuildFile; fileRef = 3323E90A1CF7646C00ACDD57 /* ZBJComplexRangeSelectionCell.m */; };
		3323E9131CF7646C00ACDD57 /* ZBJComplexRangeSelectionController.m in Sources */ = {isa = PBXBuildFile; fileRef = 3323E90C1CF7646C00ACDD57 /* ZBJComplexRangeSelectionController.m */; };
		3323E9141CF7646C00ACDD57 /* ZBJSimpleRangeSelectionCell.m in Sources */ = {isa = PBXBuildFile; fileRef = 3323E90F1CF7646C00ACDD57 /* ZBJSimpleRangeSelectionCell.m */; };
		3323E9151CF7646C00ACDD57 /* ZBJSimpleRangeSelectionController.m in Sources */ = {isa = PBXBuildFile; fileRef = 3323E9111CF7646C00ACDD57 /* ZBJSimpleRangeSelectionController.m */; };
		DD787F091C7EA879008360A1 /* ZBJCalendarWeekView.m in Sources */ = {isa = PBXBuildFile; fileRef = DD787F081C7EA879008360A1 /* ZBJCalendarWeekView.m */; };
/* End PBXBuildFile section */

/* Begin PBXContainerItemProxy section */
		32F7EC001C16779F00ED2DA4 /* PBXContainerItemProxy */ = {
			isa = PBXContainerItemProxy;
			containerPortal = 32F7EBDE1C16779F00ED2DA4 /* Project object */;
			proxyType = 1;
			remoteGlobalIDString = 32F7EBE51C16779F00ED2DA4;
			remoteInfo = ZBJCalendar;
		};
		32F7EC0B1C16779F00ED2DA4 /* PBXContainerItemProxy */ = {
			isa = PBXContainerItemProxy;
			containerPortal = 32F7EBDE1C16779F00ED2DA4 /* Project object */;
			proxyType = 1;
			remoteGlobalIDString = 32F7EBE51C16779F00ED2DA4;
			remoteInfo = ZBJCalendar;
		};
/* End PBXContainerItemProxy section */

/* Begin PBXFileReference section */
		321200421C83FE6F00FB171E /* NSDate+IndexPath.h */ = {isa = PBXFileReference; fileEncoding = 4; lastKnownFileType = sourcecode.c.h; path = "NSDate+IndexPath.h"; sourceTree = "<group>"; };
		321200431C83FE6F00FB171E /* NSDate+IndexPath.m */ = {isa = PBXFileReference; fileEncoding = 4; lastKnownFileType = sourcecode.c.objc; path = "NSDate+IndexPath.m"; sourceTree = "<group>"; };
		3222AC631C999726008CC724 /* ZBJCalendarShowCell.h */ = {isa = PBXFileReference; fileEncoding = 4; lastKnownFileType = sourcecode.c.h; path = ZBJCalendarShowCell.h; sourceTree = "<group>"; };
		3222AC641C999726008CC724 /* ZBJCalendarShowCell.m */ = {isa = PBXFileReference; fileEncoding = 4; lastKnownFileType = sourcecode.c.objc; path = ZBJCalendarShowCell.m; sourceTree = "<group>"; };
		3222AC691C999726008CC724 /* ZBJCalendarShowView.h */ = {isa = PBXFileReference; fileEncoding = 4; lastKnownFileType = sourcecode.c.h; path = ZBJCalendarShowView.h; sourceTree = "<group>"; };
		3222AC6A1C999726008CC724 /* ZBJCalendarShowView.m */ = {isa = PBXFileReference; fileEncoding = 4; lastKnownFileType = sourcecode.c.objc; path = ZBJCalendarShowView.m; sourceTree = "<group>"; };
		322B111D1C86BE2D008FD798 /* ZBJCalendar.h */ = {isa = PBXFileReference; lastKnownFileType = sourcecode.c.h; path = ZBJCalendar.h; sourceTree = "<group>"; };
		323F79201C7D8B4100479C2D /* ZBJCalendarView.h */ = {isa = PBXFileReference; fileEncoding = 4; lastKnownFileType = sourcecode.c.h; path = ZBJCalendarView.h; sourceTree = "<group>"; };
		323F79211C7D8B4100479C2D /* ZBJCalendarView.m */ = {isa = PBXFileReference; fileEncoding = 4; lastKnownFileType = sourcecode.c.objc; path = ZBJCalendarView.m; sourceTree = "<group>"; };
		323F79601C80183500479C2D /* NSDate+ZBJAddition.h */ = {isa = PBXFileReference; fileEncoding = 4; lastKnownFileType = sourcecode.c.h; path = "NSDate+ZBJAddition.h"; sourceTree = "<group>"; };
		323F79611C80183500479C2D /* NSDate+ZBJAddition.m */ = {isa = PBXFileReference; fileEncoding = 4; lastKnownFileType = sourcecode.c.objc; path = "NSDate+ZBJAddition.m"; sourceTree = "<group>"; };
		32F7EBE61C16779F00ED2DA4 /* ZBJCalendar.app */ = {isa = PBXFileReference; explicitFileType = wrapper.application; includeInIndex = 0; path = ZBJCalendar.app; sourceTree = BUILT_PRODUCTS_DIR; };
		32F7EBEA1C16779F00ED2DA4 /* main.m */ = {isa = PBXFileReference; lastKnownFileType = sourcecode.c.objc; path = main.m; sourceTree = "<group>"; };
		32F7EBEC1C16779F00ED2DA4 /* AppDelegate.h */ = {isa = PBXFileReference; lastKnownFileType = sourcecode.c.h; path = AppDelegate.h; sourceTree = "<group>"; };
		32F7EBED1C16779F00ED2DA4 /* AppDelegate.m */ = {isa = PBXFileReference; lastKnownFileType = sourcecode.c.objc; path = AppDelegate.m; sourceTree = "<group>"; };
		32F7EBEF1C16779F00ED2DA4 /* ViewController.h */ = {isa = PBXFileReference; lastKnownFileType = sourcecode.c.h; path = ViewController.h; sourceTree = "<group>"; };
		32F7EBF01C16779F00ED2DA4 /* ViewController.m */ = {isa = PBXFileReference; lastKnownFileType = sourcecode.c.objc; path = ViewController.m; sourceTree = "<group>"; };
		32F7EBF31C16779F00ED2DA4 /* Base */ = {isa = PBXFileReference; lastKnownFileType = file.storyboard; name = Base; path = Base.lproj/Main.storyboard; sourceTree = "<group>"; };
		32F7EBF51C16779F00ED2DA4 /* Assets.xcassets */ = {isa = PBXFileReference; lastKnownFileType = folder.assetcatalog; path = Assets.xcassets; sourceTree = "<group>"; };
		32F7EBF81C16779F00ED2DA4 /* Base */ = {isa = PBXFileReference; lastKnownFileType = file.storyboard; name = Base; path = Base.lproj/LaunchScreen.storyboard; sourceTree = "<group>"; };
		32F7EBFA1C16779F00ED2DA4 /* Info.plist */ = {isa = PBXFileReference; lastKnownFileType = text.plist.xml; path = Info.plist; sourceTree = "<group>"; };
		32F7EBFF1C16779F00ED2DA4 /* ZBJCalendarTests.xctest */ = {isa = PBXFileReference; explicitFileType = wrapper.cfbundle; includeInIndex = 0; path = ZBJCalendarTests.xctest; sourceTree = BUILT_PRODUCTS_DIR; };
		32F7EC031C16779F00ED2DA4 /* ZBJCalendarTests.m */ = {isa = PBXFileReference; lastKnownFileType = sourcecode.c.objc; path = ZBJCalendarTests.m; sourceTree = "<group>"; };
		32F7EC051C16779F00ED2DA4 /* Info.plist */ = {isa = PBXFileReference; lastKnownFileType = text.plist.xml; path = Info.plist; sourceTree = "<group>"; };
		32F7EC0A1C16779F00ED2DA4 /* ZBJCalendarUITests.xctest */ = {isa = PBXFileReference; explicitFileType = wrapper.cfbundle; includeInIndex = 0; path = ZBJCalendarUITests.xctest; sourceTree = BUILT_PRODUCTS_DIR; };
		32F7EC0E1C16779F00ED2DA4 /* ZBJCalendarUITests.m */ = {isa = PBXFileReference; lastKnownFileType = sourcecode.c.objc; path = ZBJCalendarUITests.m; sourceTree = "<group>"; };
		32F7EC101C16779F00ED2DA4 /* Info.plist */ = {isa = PBXFileReference; lastKnownFileType = text.plist.xml; path = Info.plist; sourceTree = "<group>"; };
		331E881F1CF5CC6C005B2CD7 /* ZBJCalendarSectionFooter.h */ = {isa = PBXFileReference; fileEncoding = 4; lastKnownFileType = sourcecode.c.h; path = ZBJCalendarSectionFooter.h; sourceTree = "<group>"; };
		331E88201CF5CC6C005B2CD7 /* ZBJCalendarSectionFooter.m */ = {isa = PBXFileReference; fileEncoding = 4; lastKnownFileType = sourcecode.c.objc; path = ZBJCalendarSectionFooter.m; sourceTree = "<group>"; };
		331E88211CF5CC6C005B2CD7 /* ZBJCalendarSectionHeader.h */ = {isa = PBXFileReference; fileEncoding = 4; lastKnownFileType = sourcecode.c.h; path = ZBJCalendarSectionHeader.h; sourceTree = "<group>"; };
		331E88221CF5CC6C005B2CD7 /* ZBJCalendarSectionHeader.m */ = {isa = PBXFileReference; fileEncoding = 4; lastKnownFileType = sourcecode.c.objc; path = ZBJCalendarSectionHeader.m; sourceTree = "<group>"; };
		331E88271CF5E69C005B2CD7 /* calendar_dates.json */ = {isa = PBXFileReference; fileEncoding = 4; lastKnownFileType = text.json; path = calendar_dates.json; sourceTree = "<group>"; };
		331E88281CF5E69C005B2CD7 /* ZBJCalendarDates.h */ = {isa = PBXFileReference; fileEncoding = 4; lastKnownFileType = sourcecode.c.h; path = ZBJCalendarDates.h; sourceTree = "<group>"; };
		331E88291CF5E69C005B2CD7 /* ZBJCalendarDates.m */ = {isa = PBXFileReference; fileEncoding = 4; lastKnownFileType = sourcecode.c.objc; path = ZBJCalendarDates.m; sourceTree = "<group>"; };
		3323E8F71CF6CC3A00ACDD57 /* ZBJSingleSelectionController.h */ = {isa = PBXFileReference; fileEncoding = 4; lastKnownFileType = sourcecode.c.h; path = ZBJSingleSelectionController.h; sourceTree = "<group>"; };
		3323E8F81CF6CC3A00ACDD57 /* ZBJSingleSelectionController.m */ = {isa = PBXFileReference; fileEncoding = 4; lastKnownFileType = sourcecode.c.objc; path = ZBJSingleSelectionController.m; sourceTree = "<group>"; };
		3323E8FA1CF6CC6700ACDD57 /* ZBJSingleSelectionCell.h */ = {isa = PBXFileReference; fileEncoding = 4; lastKnownFileType = sourcecode.c.h; path = ZBJSingleSelectionCell.h; sourceTree = "<group>"; };
		3323E8FB1CF6CC6700ACDD57 /* ZBJSingleSelectionCell.m */ = {isa = PBXFileReference; fileEncoding = 4; lastKnownFileType = sourcecode.c.objc; path = ZBJSingleSelectionCell.m; sourceTree = "<group>"; };
		3323E8FD1CF701A400ACDD57 /* ZBJSingleSelectionHeaderView.h */ = {isa = PBXFileReference; fileEncoding = 4; lastKnownFileType = sourcecode.c.h; path = ZBJSingleSelectionHeaderView.h; sourceTree = "<group>"; };
		3323E8FE1CF701A400ACDD57 /* ZBJSingleSelectionHeaderView.m */ = {isa = PBXFileReference; fileEncoding = 4; lastKnownFileType = sourcecode.c.objc; path = ZBJSingleSelectionHeaderView.m; sourceTree = "<group>"; };
		3323E9001CF72AEF00ACDD57 /* UINavigationBar+ZBJAddition.h */ = {isa = PBXFileReference; fileEncoding = 4; lastKnownFileType = sourcecode.c.h; path = "UINavigationBar+ZBJAddition.h"; sourceTree = "<group>"; };
		3323E9011CF72AEF00ACDD57 /* UINavigationBar+ZBJAddition.m */ = {isa = PBXFileReference; fileEncoding = 4; lastKnownFileType = sourcecode.c.objc; path = "UINavigationBar+ZBJAddition.m"; sourceTree = "<group>"; };
		3323E9091CF7646C00ACDD57 /* ZBJComplexRangeSelectionCell.h */ = {isa = PBXFileReference; fileEncoding = 4; lastKnownFileType = sourcecode.c.h; path = ZBJComplexRangeSelectionCell.h; sourceTree = "<group>"; };
		3323E90A1CF7646C00ACDD57 /* ZBJComplexRangeSelectionCell.m */ = {isa = PBXFileReference; fileEncoding = 4; lastKnownFileType = sourcecode.c.objc; path = ZBJComplexRangeSelectionCell.m; sourceTree = "<group>"; };
		3323E90B1CF7646C00ACDD57 /* ZBJComplexRangeSelectionController.h */ = {isa = PBXFileReference; fileEncoding = 4; lastKnownFileType = sourcecode.c.h; path = ZBJComplexRangeSelectionController.h; sourceTree = "<group>"; };
		3323E90C1CF7646C00ACDD57 /* ZBJComplexRangeSelectionController.m */ = {isa = PBXFileReference; fileEncoding = 4; lastKnownFileType = sourcecode.c.objc; path = ZBJComplexRangeSelectionController.m; sourceTree = "<group>"; };
		3323E90E1CF7646C00ACDD57 /* ZBJSimpleRangeSelectionCell.h */ = {isa = PBXFileReference; fileEncoding = 4; lastKnownFileType = sourcecode.c.h; path = ZBJSimpleRangeSelectionCell.h; sourceTree = "<group>"; };
		3323E90F1CF7646C00ACDD57 /* ZBJSimpleRangeSelectionCell.m */ = {isa = PBXFileReference; fileEncoding = 4; lastKnownFileType = sourcecode.c.objc; path = ZBJSimpleRangeSelectionCell.m; sourceTree = "<group>"; };
		3323E9101CF7646C00ACDD57 /* ZBJSimpleRangeSelectionController.h */ = {isa = PBXFileReference; fileEncoding = 4; lastKnownFileType = sourcecode.c.h; path = ZBJSimpleRangeSelectionController.h; sourceTree = "<group>"; };
		3323E9111CF7646C00ACDD57 /* ZBJSimpleRangeSelectionController.m */ = {isa = PBXFileReference; fileEncoding = 4; lastKnownFileType = sourcecode.c.objc; path = ZBJSimpleRangeSelectionController.m; sourceTree = "<group>"; };
		DD787F071C7EA879008360A1 /* ZBJCalendarWeekView.h */ = {isa = PBXFileReference; fileEncoding = 4; lastKnownFileType = sourcecode.c.h; path = ZBJCalendarWeekView.h; sourceTree = "<group>"; };
		DD787F081C7EA879008360A1 /* ZBJCalendarWeekView.m */ = {isa = PBXFileReference; fileEncoding = 4; lastKnownFileType = sourcecode.c.objc; path = ZBJCalendarWeekView.m; sourceTree = "<group>"; };
/* End PBXFileReference section */

/* Begin PBXFrameworksBuildPhase section */
		32F7EBE31C16779F00ED2DA4 /* Frameworks */ = {
			isa = PBXFrameworksBuildPhase;
			buildActionMask = 2147483647;
			files = (
			);
			runOnlyForDeploymentPostprocessing = 0;
		};
		32F7EBFC1C16779F00ED2DA4 /* Frameworks */ = {
			isa = PBXFrameworksBuildPhase;
			buildActionMask = 2147483647;
			files = (
			);
			runOnlyForDeploymentPostprocessing = 0;
		};
		32F7EC071C16779F00ED2DA4 /* Frameworks */ = {
			isa = PBXFrameworksBuildPhase;
			buildActionMask = 2147483647;
			files = (
			);
			runOnlyForDeploymentPostprocessing = 0;
		};
/* End PBXFrameworksBuildPhase section */

/* Begin PBXGroup section */
		321903911C169AEC007EACCD /* ZBJCalendar */ = {
			isa = PBXGroup;
			children = (
				322B111D1C86BE2D008FD798 /* ZBJCalendar.h */,
				323F79201C7D8B4100479C2D /* ZBJCalendarView.h */,
				323F79211C7D8B4100479C2D /* ZBJCalendarView.m */,
				DD787F071C7EA879008360A1 /* ZBJCalendarWeekView.h */,
				DD787F081C7EA879008360A1 /* ZBJCalendarWeekView.m */,
				323F79601C80183500479C2D /* NSDate+ZBJAddition.h */,
				323F79611C80183500479C2D /* NSDate+ZBJAddition.m */,
				321200421C83FE6F00FB171E /* NSDate+IndexPath.h */,
				321200431C83FE6F00FB171E /* NSDate+IndexPath.m */,
			);
			path = ZBJCalendar;
			sourceTree = "<group>";
		};
		3222AC621C999726008CC724 /* Show */ = {
			isa = PBXGroup;
			children = (
				3222AC691C999726008CC724 /* ZBJCalendarShowView.h */,
				3222AC6A1C999726008CC724 /* ZBJCalendarShowView.m */,
				3222AC631C999726008CC724 /* ZBJCalendarShowCell.h */,
				3222AC641C999726008CC724 /* ZBJCalendarShowCell.m */,
			);
			path = Show;
			sourceTree = "<group>";
		};
		32F7EBDD1C16779E00ED2DA4 = {
			isa = PBXGroup;
			children = (
				32F7EBE81C16779F00ED2DA4 /* ZBJCalendar */,
				32F7EC021C16779F00ED2DA4 /* ZBJCalendarTests */,
				32F7EC0D1C16779F00ED2DA4 /* ZBJCalendarUITests */,
				32F7EBE71C16779F00ED2DA4 /* Products */,
			);
			sourceTree = "<group>";
		};
		32F7EBE71C16779F00ED2DA4 /* Products */ = {
			isa = PBXGroup;
			children = (
				32F7EBE61C16779F00ED2DA4 /* ZBJCalendar.app */,
				32F7EBFF1C16779F00ED2DA4 /* ZBJCalendarTests.xctest */,
				32F7EC0A1C16779F00ED2DA4 /* ZBJCalendarUITests.xctest */,
			);
			name = Products;
			sourceTree = "<group>";
		};
		32F7EBE81C16779F00ED2DA4 /* ZBJCalendar */ = {
			isa = PBXGroup;
			children = (
				321903911C169AEC007EACCD /* ZBJCalendar */,
				32F7EBEC1C16779F00ED2DA4 /* AppDelegate.h */,
				32F7EBED1C16779F00ED2DA4 /* AppDelegate.m */,
				32F7EBEF1C16779F00ED2DA4 /* ViewController.h */,
				32F7EBF01C16779F00ED2DA4 /* ViewController.m */,
				3222AC621C999726008CC724 /* Show */,
				331E882C1CF5EABD005B2CD7 /* SingleSelection */,
				3323E9071CF7646C00ACDD57 /* RangeSelection */,
				331E881E1CF5CC6C005B2CD7 /* CommonViews */,
				331E88261CF5E670005B2CD7 /* Model */,
				32F7EBF21C16779F00ED2DA4 /* Main.storyboard */,
				32F7EBF51C16779F00ED2DA4 /* Assets.xcassets */,
				32F7EBF71C16779F00ED2DA4 /* LaunchScreen.storyboard */,
				32F7EBFA1C16779F00ED2DA4 /* Info.plist */,
				32F7EBE91C16779F00ED2DA4 /* Supporting Files */,
			);
			path = ZBJCalendar;
			sourceTree = "<group>";
		};
		32F7EBE91C16779F00ED2DA4 /* Supporting Files */ = {
			isa = PBXGroup;
			children = (
				32F7EBEA1C16779F00ED2DA4 /* main.m */,
			);
			name = "Supporting Files";
			sourceTree = "<group>";
		};
		32F7EC021C16779F00ED2DA4 /* ZBJCalendarTests */ = {
			isa = PBXGroup;
			children = (
				32F7EC031C16779F00ED2DA4 /* ZBJCalendarTests.m */,
				32F7EC051C16779F00ED2DA4 /* Info.plist */,
			);
			path = ZBJCalendarTests;
			sourceTree = "<group>";
		};
		32F7EC0D1C16779F00ED2DA4 /* ZBJCalendarUITests */ = {
			isa = PBXGroup;
			children = (
				32F7EC0E1C16779F00ED2DA4 /* ZBJCalendarUITests.m */,
				32F7EC101C16779F00ED2DA4 /* Info.plist */,
			);
			path = ZBJCalendarUITests;
			sourceTree = "<group>";
		};
		331E881E1CF5CC6C005B2CD7 /* CommonViews */ = {
			isa = PBXGroup;
			children = (
				331E88211CF5CC6C005B2CD7 /* ZBJCalendarSectionHeader.h */,
				331E88221CF5CC6C005B2CD7 /* ZBJCalendarSectionHeader.m */,
				331E881F1CF5CC6C005B2CD7 /* ZBJCalendarSectionFooter.h */,
				331E88201CF5CC6C005B2CD7 /* ZBJCalendarSectionFooter.m */,
			);
			path = CommonViews;
			sourceTree = "<group>";
		};
		331E88261CF5E670005B2CD7 /* Model */ = {
			isa = PBXGroup;
			children = (
				331E88281CF5E69C005B2CD7 /* ZBJCalendarDates.h */,
				331E88291CF5E69C005B2CD7 /* ZBJCalendarDates.m */,
				331E88271CF5E69C005B2CD7 /* calendar_dates.json */,
			);
			path = Model;
			sourceTree = "<group>";
		};
		331E882C1CF5EABD005B2CD7 /* SingleSelection */ = {
			isa = PBXGroup;
			children = (
				3323E8F71CF6CC3A00ACDD57 /* ZBJSingleSelectionController.h */,
				3323E8F81CF6CC3A00ACDD57 /* ZBJSingleSelectionController.m */,
				3323E8FA1CF6CC6700ACDD57 /* ZBJSingleSelectionCell.h */,
				3323E8FB1CF6CC6700ACDD57 /* ZBJSingleSelectionCell.m */,
				3323E8FD1CF701A400ACDD57 /* ZBJSingleSelectionHeaderView.h */,
				3323E8FE1CF701A400ACDD57 /* ZBJSingleSelectionHeaderView.m */,
				3323E9001CF72AEF00ACDD57 /* UINavigationBar+ZBJAddition.h */,
				3323E9011CF72AEF00ACDD57 /* UINavigationBar+ZBJAddition.m */,
			);
			path = SingleSelection;
			sourceTree = "<group>";
		};
		3323E9071CF7646C00ACDD57 /* RangeSelection */ = {
			isa = PBXGroup;
			children = (
				3323E90D1CF7646C00ACDD57 /* simple */,
				3323E9081CF7646C00ACDD57 /* complex */,
			);
			path = RangeSelection;
			sourceTree = "<group>";
		};
		3323E9081CF7646C00ACDD57 /* complex */ = {
			isa = PBXGroup;
			children = (
				3323E90B1CF7646C00ACDD57 /* ZBJComplexRangeSelectionController.h */,
				3323E90C1CF7646C00ACDD57 /* ZBJComplexRangeSelectionController.m */,
				3323E9091CF7646C00ACDD57 /* ZBJComplexRangeSelectionCell.h */,
				3323E90A1CF7646C00ACDD57 /* ZBJComplexRangeSelectionCell.m */,
			);
			path = complex;
			sourceTree = "<group>";
		};
		3323E90D1CF7646C00ACDD57 /* simple */ = {
			isa = PBXGroup;
			children = (
				3323E9101CF7646C00ACDD57 /* ZBJSimpleRangeSelectionController.h */,
				3323E9111CF7646C00ACDD57 /* ZBJSimpleRangeSelectionController.m */,
				3323E90E1CF7646C00ACDD57 /* ZBJSimpleRangeSelectionCell.h */,
				3323E90F1CF7646C00ACDD57 /* ZBJSimpleRangeSelectionCell.m */,
			);
			path = simple;
			sourceTree = "<group>";
		};
/* End PBXGroup section */

/* Begin PBXNativeTarget section */
		32F7EBE51C16779F00ED2DA4 /* ZBJCalendar */ = {
			isa = PBXNativeTarget;
			buildConfigurationList = 32F7EC131C16779F00ED2DA4 /* Build configuration list for PBXNativeTarget "ZBJCalendar" */;
			buildPhases = (
				32F7EBE21C16779F00ED2DA4 /* Sources */,
				32F7EBE31C16779F00ED2DA4 /* Frameworks */,
				32F7EBE41C16779F00ED2DA4 /* Resources */,
			);
			buildRules = (
			);
			dependencies = (
			);
			name = ZBJCalendar;
			productName = ZBJCalendar;
			productReference = 32F7EBE61C16779F00ED2DA4 /* ZBJCalendar.app */;
			productType = "com.apple.product-type.application";
		};
		32F7EBFE1C16779F00ED2DA4 /* ZBJCalendarTests */ = {
			isa = PBXNativeTarget;
			buildConfigurationList = 32F7EC161C16779F00ED2DA4 /* Build configuration list for PBXNativeTarget "ZBJCalendarTests" */;
			buildPhases = (
				32F7EBFB1C16779F00ED2DA4 /* Sources */,
				32F7EBFC1C16779F00ED2DA4 /* Frameworks */,
				32F7EBFD1C16779F00ED2DA4 /* Resources */,
			);
			buildRules = (
			);
			dependencies = (
				32F7EC011C16779F00ED2DA4 /* PBXTargetDependency */,
			);
			name = ZBJCalendarTests;
			productName = ZBJCalendarTests;
			productReference = 32F7EBFF1C16779F00ED2DA4 /* ZBJCalendarTests.xctest */;
			productType = "com.apple.product-type.bundle.unit-test";
		};
		32F7EC091C16779F00ED2DA4 /* ZBJCalendarUITests */ = {
			isa = PBXNativeTarget;
			buildConfigurationList = 32F7EC191C16779F00ED2DA4 /* Build configuration list for PBXNativeTarget "ZBJCalendarUITests" */;
			buildPhases = (
				32F7EC061C16779F00ED2DA4 /* Sources */,
				32F7EC071C16779F00ED2DA4 /* Frameworks */,
				32F7EC081C16779F00ED2DA4 /* Resources */,
			);
			buildRules = (
			);
			dependencies = (
				32F7EC0C1C16779F00ED2DA4 /* PBXTargetDependency */,
			);
			name = ZBJCalendarUITests;
			productName = ZBJCalendarUITests;
			productReference = 32F7EC0A1C16779F00ED2DA4 /* ZBJCalendarUITests.xctest */;
			productType = "com.apple.product-type.bundle.ui-testing";
		};
/* End PBXNativeTarget section */

/* Begin PBXProject section */
		32F7EBDE1C16779F00ED2DA4 /* Project object */ = {
			isa = PBXProject;
			attributes = {
				LastUpgradeCheck = 0710;
				ORGANIZATIONNAME = ZBJ;
				TargetAttributes = {
					32F7EBE51C16779F00ED2DA4 = {
						CreatedOnToolsVersion = 7.1.1;
						DevelopmentTeam = GB7H6UHA26;
					};
					32F7EBFE1C16779F00ED2DA4 = {
						CreatedOnToolsVersion = 7.1.1;
						TestTargetID = 32F7EBE51C16779F00ED2DA4;
					};
					32F7EC091C16779F00ED2DA4 = {
						CreatedOnToolsVersion = 7.1.1;
						TestTargetID = 32F7EBE51C16779F00ED2DA4;
					};
				};
			};
			buildConfigurationList = 32F7EBE11C16779F00ED2DA4 /* Build configuration list for PBXProject "ZBJCalendar" */;
			compatibilityVersion = "Xcode 3.2";
			developmentRegion = English;
			hasScannedForEncodings = 0;
			knownRegions = (
				en,
				Base,
			);
			mainGroup = 32F7EBDD1C16779E00ED2DA4;
			productRefGroup = 32F7EBE71C16779F00ED2DA4 /* Products */;
			projectDirPath = "";
			projectRoot = "";
			targets = (
				32F7EBE51C16779F00ED2DA4 /* ZBJCalendar */,
				32F7EBFE1C16779F00ED2DA4 /* ZBJCalendarTests */,
				32F7EC091C16779F00ED2DA4 /* ZBJCalendarUITests */,
			);
		};
/* End PBXProject section */

/* Begin PBXResourcesBuildPhase section */
		32F7EBE41C16779F00ED2DA4 /* Resources */ = {
			isa = PBXResourcesBuildPhase;
			buildActionMask = 2147483647;
			files = (
				32F7EBF91C16779F00ED2DA4 /* LaunchScreen.storyboard in Resources */,
				331E882A1CF5E69C005B2CD7 /* calendar_dates.json in Resources */,
				32F7EBF61C16779F00ED2DA4 /* Assets.xcassets in Resources */,
				32F7EBF41C16779F00ED2DA4 /* Main.storyboard in Resources */,
			);
			runOnlyForDeploymentPostprocessing = 0;
		};
		32F7EBFD1C16779F00ED2DA4 /* Resources */ = {
			isa = PBXResourcesBuildPhase;
			buildActionMask = 2147483647;
			files = (
			);
			runOnlyForDeploymentPostprocessing = 0;
		};
		32F7EC081C16779F00ED2DA4 /* Resources */ = {
			isa = PBXResourcesBuildPhase;
			buildActionMask = 2147483647;
			files = (
			);
			runOnlyForDeploymentPostprocessing = 0;
		};
/* End PBXResourcesBuildPhase section */

/* Begin PBXSourcesBuildPhase section */
		32F7EBE21C16779F00ED2DA4 /* Sources */ = {
			isa = PBXSourcesBuildPhase;
			buildActionMask = 2147483647;
			files = (
				3323E9151CF7646C00ACDD57 /* ZBJSimpleRangeSelectionController.m in Sources */,
				32F7EBF11C16779F00ED2DA4 /* ViewController.m in Sources */,
				32F7EBEE1C16779F00ED2DA4 /* AppDelegate.m in Sources */,
				32F7EBEB1C16779F00ED2DA4 /* main.m in Sources */,
				331E88231CF5CC6C005B2CD7 /* ZBJCalendarSectionFooter.m in Sources */,
				3323E8FF1CF701A400ACDD57 /* ZBJSingleSelectionHeaderView.m in Sources */,
				323F79621C80183500479C2D /* NSDate+ZBJAddition.m in Sources */,
				3323E9121CF7646C00ACDD57 /* ZBJComplexRangeSelectionCell.m in Sources */,
				3222AC711C999726008CC724 /* ZBJCalendarShowCell.m in Sources */,
				3323E9021CF72AEF00ACDD57 /* UINavigationBar+ZBJAddition.m in Sources */,
				321200441C83FE6F00FB171E /* NSDate+IndexPath.m in Sources */,
				323F79221C7D8B4100479C2D /* ZBJCalendarView.m in Sources */,
				3323E9131CF7646C00ACDD57 /* ZBJComplexRangeSelectionController.m in Sources */,
				3323E8F91CF6CC3A00ACDD57 /* ZBJSingleSelectionController.m in Sources */,
				3323E9141CF7646C00ACDD57 /* ZBJSimpleRangeSelectionCell.m in Sources */,
				3222AC741C999726008CC724 /* ZBJCalendarShowView.m in Sources */,
				331E88241CF5CC6C005B2CD7 /* ZBJCalendarSectionHeader.m in Sources */,
				DD787F091C7EA879008360A1 /* ZBJCalendarWeekView.m in Sources */,
				3323E8FC1CF6CC6700ACDD57 /* ZBJSingleSelectionCell.m in Sources */,
				331E882B1CF5E69C005B2CD7 /* ZBJCalendarDates.m in Sources */,
			);
			runOnlyForDeploymentPostprocessing = 0;
		};
		32F7EBFB1C16779F00ED2DA4 /* Sources */ = {
			isa = PBXSourcesBuildPhase;
			buildActionMask = 2147483647;
			files = (
				32F7EC041C16779F00ED2DA4 /* ZBJCalendarTests.m in Sources */,
			);
			runOnlyForDeploymentPostprocessing = 0;
		};
		32F7EC061C16779F00ED2DA4 /* Sources */ = {
			isa = PBXSourcesBuildPhase;
			buildActionMask = 2147483647;
			files = (
				32F7EC0F1C16779F00ED2DA4 /* ZBJCalendarUITests.m in Sources */,
			);
			runOnlyForDeploymentPostprocessing = 0;
		};
/* End PBXSourcesBuildPhase section */

/* Begin PBXTargetDependency section */
		32F7EC011C16779F00ED2DA4 /* PBXTargetDependency */ = {
			isa = PBXTargetDependency;
			target = 32F7EBE51C16779F00ED2DA4 /* ZBJCalendar */;
			targetProxy = 32F7EC001C16779F00ED2DA4 /* PBXContainerItemProxy */;
		};
		32F7EC0C1C16779F00ED2DA4 /* PBXTargetDependency */ = {
			isa = PBXTargetDependency;
			target = 32F7EBE51C16779F00ED2DA4 /* ZBJCalendar */;
			targetProxy = 32F7EC0B1C16779F00ED2DA4 /* PBXContainerItemProxy */;
		};
/* End PBXTargetDependency section */

/* Begin PBXVariantGroup section */
		32F7EBF21C16779F00ED2DA4 /* Main.storyboard */ = {
			isa = PBXVariantGroup;
			children = (
				32F7EBF31C16779F00ED2DA4 /* Base */,
			);
			name = Main.storyboard;
			sourceTree = "<group>";
		};
		32F7EBF71C16779F00ED2DA4 /* LaunchScreen.storyboard */ = {
			isa = PBXVariantGroup;
			children = (
				32F7EBF81C16779F00ED2DA4 /* Base */,
			);
			name = LaunchScreen.storyboard;
			sourceTree = "<group>";
		};
/* End PBXVariantGroup section */

/* Begin XCBuildConfiguration section */
		32F7EC111C16779F00ED2DA4 /* Debug */ = {
			isa = XCBuildConfiguration;
			buildSettings = {
				ALWAYS_SEARCH_USER_PATHS = NO;
				CLANG_CXX_LANGUAGE_STANDARD = "gnu++0x";
				CLANG_CXX_LIBRARY = "libc++";
				CLANG_ENABLE_MODULES = YES;
				CLANG_ENABLE_OBJC_ARC = YES;
				CLANG_WARN_BOOL_CONVERSION = YES;
				CLANG_WARN_CONSTANT_CONVERSION = YES;
				CLANG_WARN_DIRECT_OBJC_ISA_USAGE = YES_ERROR;
				CLANG_WARN_EMPTY_BODY = YES;
				CLANG_WARN_ENUM_CONVERSION = YES;
				CLANG_WARN_INT_CONVERSION = YES;
				CLANG_WARN_OBJC_ROOT_CLASS = YES_ERROR;
				CLANG_WARN_UNREACHABLE_CODE = YES;
				CLANG_WARN__DUPLICATE_METHOD_MATCH = YES;
				"CODE_SIGN_IDENTITY[sdk=iphoneos*]" = "iPhone Developer";
				COPY_PHASE_STRIP = NO;
				DEBUG_INFORMATION_FORMAT = dwarf;
				ENABLE_STRICT_OBJC_MSGSEND = YES;
				ENABLE_TESTABILITY = YES;
				GCC_C_LANGUAGE_STANDARD = gnu99;
				GCC_DYNAMIC_NO_PIC = NO;
				GCC_NO_COMMON_BLOCKS = YES;
				GCC_OPTIMIZATION_LEVEL = 0;
				GCC_PREPROCESSOR_DEFINITIONS = (
					"DEBUG=1",
					"$(inherited)",
				);
				GCC_WARN_64_TO_32_BIT_CONVERSION = YES;
				GCC_WARN_ABOUT_RETURN_TYPE = YES_ERROR;
				GCC_WARN_UNDECLARED_SELECTOR = YES;
				GCC_WARN_UNINITIALIZED_AUTOS = YES_AGGRESSIVE;
				GCC_WARN_UNUSED_FUNCTION = YES;
				GCC_WARN_UNUSED_VARIABLE = YES;
				IPHONEOS_DEPLOYMENT_TARGET = 9.1;
				MTL_ENABLE_DEBUG_INFO = YES;
				ONLY_ACTIVE_ARCH = YES;
				SDKROOT = iphoneos;
				TARGETED_DEVICE_FAMILY = "1,2";
			};
			name = Debug;
		};
		32F7EC121C16779F00ED2DA4 /* Release */ = {
			isa = XCBuildConfiguration;
			buildSettings = {
				ALWAYS_SEARCH_USER_PATHS = NO;
				CLANG_CXX_LANGUAGE_STANDARD = "gnu++0x";
				CLANG_CXX_LIBRARY = "libc++";
				CLANG_ENABLE_MODULES = YES;
				CLANG_ENABLE_OBJC_ARC = YES;
				CLANG_WARN_BOOL_CONVERSION = YES;
				CLANG_WARN_CONSTANT_CONVERSION = YES;
				CLANG_WARN_DIRECT_OBJC_ISA_USAGE = YES_ERROR;
				CLANG_WARN_EMPTY_BODY = YES;
				CLANG_WARN_ENUM_CONVERSION = YES;
				CLANG_WARN_INT_CONVERSION = YES;
				CLANG_WARN_OBJC_ROOT_CLASS = YES_ERROR;
				CLANG_WARN_UNREACHABLE_CODE = YES;
				CLANG_WARN__DUPLICATE_METHOD_MATCH = YES;
				"CODE_SIGN_IDENTITY[sdk=iphoneos*]" = "iPhone Developer";
				COPY_PHASE_STRIP = NO;
				DEBUG_INFORMATION_FORMAT = "dwarf-with-dsym";
				ENABLE_NS_ASSERTIONS = NO;
				ENABLE_STRICT_OBJC_MSGSEND = YES;
				GCC_C_LANGUAGE_STANDARD = gnu99;
				GCC_NO_COMMON_BLOCKS = YES;
				GCC_WARN_64_TO_32_BIT_CONVERSION = YES;
				GCC_WARN_ABOUT_RETURN_TYPE = YES_ERROR;
				GCC_WARN_UNDECLARED_SELECTOR = YES;
				GCC_WARN_UNINITIALIZED_AUTOS = YES_AGGRESSIVE;
				GCC_WARN_UNUSED_FUNCTION = YES;
				GCC_WARN_UNUSED_VARIABLE = YES;
				IPHONEOS_DEPLOYMENT_TARGET = 9.1;
				MTL_ENABLE_DEBUG_INFO = NO;
				SDKROOT = iphoneos;
				TARGETED_DEVICE_FAMILY = "1,2";
				VALIDATE_PRODUCT = YES;
			};
			name = Release;
		};
		32F7EC141C16779F00ED2DA4 /* Debug */ = {
			isa = XCBuildConfiguration;
			buildSettings = {
				ASSETCATALOG_COMPILER_APPICON_NAME = AppIcon;
				CODE_SIGN_IDENTITY = "iPhone Developer";
				INFOPLIST_FILE = ZBJCalendar/Info.plist;
				LD_RUNPATH_SEARCH_PATHS = "$(inherited) @executable_path/Frameworks";
				PRODUCT_BUNDLE_IDENTIFIER = com.zhubaijia.ZBJCalendar;
				PRODUCT_NAME = "$(TARGET_NAME)";
			};
			name = Debug;
		};
		32F7EC151C16779F00ED2DA4 /* Release */ = {
			isa = XCBuildConfiguration;
			buildSettings = {
				ASSETCATALOG_COMPILER_APPICON_NAME = AppIcon;
				CODE_SIGN_IDENTITY = "iPhone Distribution";
				INFOPLIST_FILE = ZBJCalendar/Info.plist;
				LD_RUNPATH_SEARCH_PATHS = "$(inherited) @executable_path/Frameworks";
				PRODUCT_BUNDLE_IDENTIFIER = com.zhubaijia.ZBJCalendar;
				PRODUCT_NAME = "$(TARGET_NAME)";
			};
			name = Release;
		};
		32F7EC171C16779F00ED2DA4 /* Debug */ = {
			isa = XCBuildConfiguration;
			buildSettings = {
				BUNDLE_LOADER = "$(TEST_HOST)";
				INFOPLIST_FILE = ZBJCalendarTests/Info.plist;
				LD_RUNPATH_SEARCH_PATHS = "$(inherited) @executable_path/Frameworks @loader_path/Frameworks";
				PRODUCT_BUNDLE_IDENTIFIER = com.zhubaijia.ZBJCalendarTests;
				PRODUCT_NAME = "$(TARGET_NAME)";
				TEST_HOST = "$(BUILT_PRODUCTS_DIR)/ZBJCalendar.app/ZBJCalendar";
			};
			name = Debug;
		};
		32F7EC181C16779F00ED2DA4 /* Release */ = {
			isa = XCBuildConfiguration;
			buildSettings = {
				BUNDLE_LOADER = "$(TEST_HOST)";
				INFOPLIST_FILE = ZBJCalendarTests/Info.plist;
				LD_RUNPATH_SEARCH_PATHS = "$(inherited) @executable_path/Frameworks @loader_path/Frameworks";
				PRODUCT_BUNDLE_IDENTIFIER = com.zhubaijia.ZBJCalendarTests;
				PRODUCT_NAME = "$(TARGET_NAME)";
				TEST_HOST = "$(BUILT_PRODUCTS_DIR)/ZBJCalendar.app/ZBJCalendar";
			};
			name = Release;
		};
		32F7EC1A1C16779F00ED2DA4 /* Debug */ = {
			isa = XCBuildConfiguration;
			buildSettings = {
				INFOPLIST_FILE = ZBJCalendarUITests/Info.plist;
				LD_RUNPATH_SEARCH_PATHS = "$(inherited) @executable_path/Frameworks @loader_path/Frameworks";
				PRODUCT_BUNDLE_IDENTIFIER = com.zhubaijia.ZBJCalendarUITests;
				PRODUCT_NAME = "$(TARGET_NAME)";
				TEST_TARGET_NAME = ZBJCalendar;
				USES_XCTRUNNER = YES;
			};
			name = Debug;
		};
		32F7EC1B1C16779F00ED2DA4 /* Release */ = {
			isa = XCBuildConfiguration;
			buildSettings = {
				INFOPLIST_FILE = ZBJCalendarUITests/Info.plist;
				LD_RUNPATH_SEARCH_PATHS = "$(inherited) @executable_path/Frameworks @loader_path/Frameworks";
				PRODUCT_BUNDLE_IDENTIFIER = com.zhubaijia.ZBJCalendarUITests;
				PRODUCT_NAME = "$(TARGET_NAME)";
				TEST_TARGET_NAME = ZBJCalendar;
				USES_XCTRUNNER = YES;
			};
			name = Release;
		};
/* End XCBuildConfiguration section */

/* Begin XCConfigurationList section */
		32F7EBE11C16779F00ED2DA4 /* Build configuration list for PBXProject "ZBJCalendar" */ = {
			isa = XCConfigurationList;
			buildConfigurations = (
				32F7EC111C16779F00ED2DA4 /* Debug */,
				32F7EC121C16779F00ED2DA4 /* Release */,
			);
			defaultConfigurationIsVisible = 0;
			defaultConfigurationName = Release;
		};
		32F7EC131C16779F00ED2DA4 /* Build configuration list for PBXNativeTarget "ZBJCalendar" */ = {
			isa = XCConfigurationList;
			buildConfigurations = (
				32F7EC141C16779F00ED2DA4 /* Debug */,
				32F7EC151C16779F00ED2DA4 /* Release */,
			);
			defaultConfigurationIsVisible = 0;
			defaultConfigurationName = Release;
		};
		32F7EC161C16779F00ED2DA4 /* Build configuration list for PBXNativeTarget "ZBJCalendarTests" */ = {
			isa = XCConfigurationList;
			buildConfigurations = (
				32F7EC171C16779F00ED2DA4 /* Debug */,
				32F7EC181C16779F00ED2DA4 /* Release */,
			);
			defaultConfigurationIsVisible = 0;
			defaultConfigurationName = Release;
		};
		32F7EC191C16779F00ED2DA4 /* Build configuration list for PBXNativeTarget "ZBJCalendarUITests" */ = {
			isa = XCConfigurationList;
			buildConfigurations = (
				32F7EC1A1C16779F00ED2DA4 /* Debug */,
				32F7EC1B1C16779F00ED2DA4 /* Release */,
			);
			defaultConfigurationIsVisible = 0;
			defaultConfigurationName = Release;
		};
/* End XCConfigurationList section */
	};
	rootObject = 32F7EBDE1C16779F00ED2DA4 /* Project object */;
}
